
Microsoft Visual Studio Solution File, Format Version 12.00
# Visual Studio 14
VisualStudioVersion = 14.0.25420.1
MinimumVisualStudioVersion = 10.0.40219.1
Project("{8BC9CEB8-8B4A-11D0-8D11-00A0C91BC942}") = "Task1", "Task1\Task1.vcxproj", "{F4DCCB81-304C-45B0-B1B7-304C51370A0C}"
EndProject
Project("{8BC9CEB8-8B4A-11D0-8D11-00A0C91BC942}") = "Task2", "Task2\Task2.vcxproj", "{447B6165-9815-4793-81D4-54B9FA49B1E1}"
EndProject
Project("{8BC9CEB8-8B4A-11D0-8D11-00A0C91BC942}") = "Task3", "Task3\Task3.vcxproj", "{CC8B4B0B-2707-4D13-AA11-85A479122CED}"
EndProject
Project("{8BC9CEB8-8B4A-11D0-8D11-00A0C91BC942}") = "Task4", "Task4\Task4.vcxproj", "{0CEB5D6B-5148-46B6-8B3E-94AFDD477B54}"
EndProject
Project("{8BC9CEB8-8B4A-11D0-8D11-00A0C91BC942}") = "Task5", "Task5\Task5.vcxproj", "{35B159C8-978F-41B1-9D75-C9E30D19B0F9}"
EndProject
Project("{8BC9CEB8-8B4A-11D0-8D11-00A0C91BC942}") = "Task6", "Task6\Task6.vcxproj", "{2587918B-1197-473E-823E-A908FDD27D96}"
EndProject
Global
	GlobalSection(SolutionConfigurationPlatforms) = preSolution
		Debug|x64 = Debug|x64
		Debug|x86 = Debug|x86
		Release|x64 = Release|x64
		Release|x86 = Release|x86
	EndGlobalSection
	GlobalSection(ProjectConfigurationPlatforms) = postSolution
		{F4DCCB81-304C-45B0-B1B7-304C51370A0C}.Debug|x64.ActiveCfg = Debug|x64
		{F4DCCB81-304C-45B0-B1B7-304C51370A0C}.Debug|x64.Build.0 = Debug|x64
		{F4DCCB81-304C-45B0-B1B7-304C51370A0C}.Debug|x86.ActiveCfg = Debug|Win32
		{F4DCCB81-304C-45B0-B1B7-304C51370A0C}.Debug|x86.Build.0 = Debug|Win32
		{F4DCCB81-304C-45B0-B1B7-304C51370A0C}.Release|x64.ActiveCfg = Release|x64
		{F4DCCB81-304C-45B0-B1B7-304C51370A0C}.Release|x64.Build.0 = Release|x64
		{F4DCCB81-304C-45B0-B1B7-304C51370A0C}.Release|x86.ActiveCfg = Release|Win32
		{F4DCCB81-304C-45B0-B1B7-304C51370A0C}.Release|x86.Build.0 = Release|Win32
		{447B6165-9815-4793-81D4-54B9FA49B1E1}.Debug|x64.ActiveCfg = Debug|x64
		{447B6165-9815-4793-81D4-54B9FA49B1E1}.Debug|x64.Build.0 = Debug|x64
		{447B6165-9815-4793-81D4-54B9FA49B1E1}.Debug|x86.ActiveCfg = Debug|Win32
		{447B6165-9815-4793-81D4-54B9FA49B1E1}.Debug|x86.Build.0 = Debug|Win32
		{447B6165-9815-4793-81D4-54B9FA49B1E1}.Release|x64.ActiveCfg = Release|x64
		{447B6165-9815-4793-81D4-54B9FA49B1E1}.Release|x64.Build.0 = Release|x64
		{447B6165-9815-4793-81D4-54B9FA49B1E1}.Release|x86.ActiveCfg = Release|Win32
		{447B6165-9815-4793-81D4-54B9FA49B1E1}.Release|x86.Build.0 = Release|Win32
		{CC8B4B0B-2707-4D13-AA11-85A479122CED}.Debug|x64.ActiveCfg = Debug|x64
		{CC8B4B0B-2707-4D13-AA11-85A479122CED}.Debug|x64.Build.0 = Debug|x64
		{CC8B4B0B-2707-4D13-AA11-85A479122CED}.Debug|x86.ActiveCfg = Debug|Win32
		{CC8B4B0B-2707-4D13-AA11-85A479122CED}.Debug|x86.Build.0 = Debug|Win32
		{CC8B4B0B-2707-4D13-AA11-85A479122CED}.Release|x64.ActiveCfg = Release|x64
		{CC8B4B0B-2707-4D13-AA11-85A479122CED}.Release|x64.Build.0 = Release|x64
		{CC8B4B0B-2707-4D13-AA11-85A479122CED}.Release|x86.ActiveCfg = Release|Win32
		{CC8B4B0B-2707-4D13-AA11-85A479122CED}.Release|x86.Build.0 = Release|Win32
		{0CEB5D6B-5148-46B6-8B3E-94AFDD477B54}.Debug|x64.ActiveCfg = Debug|x64
		{0CEB5D6B-5148-46B6-8B3E-94AFDD477B54}.Debug|x64.Build.0 = Debug|x64
		{0CEB5D6B-5148-46B6-8B3E-94AFDD477B54}.Debug|x86.ActiveCfg = Debug|Win32
		{0CEB5D6B-5148-46B6-8B3E-94AFDD477B54}.Debug|x86.Build.0 = Debug|Win32
		{0CEB5D6B-5148-46B6-8B3E-94AFDD477B54}.Release|x64.ActiveCfg = Release|x64
		{0CEB5D6B-5148-46B6-8B3E-94AFDD477B54}.Release|x64.Build.0 = Release|x64
		{0CEB5D6B-5148-46B6-8B3E-94AFDD477B54}.Release|x86.ActiveCfg = Release|Win32
		{0CEB5D6B-5148-46B6-8B3E-94AFDD477B54}.Release|x86.Build.0 = Release|Win32
		{35B159C8-978F-41B1-9D75-C9E30D19B0F9}.Debug|x64.ActiveCfg = Debug|x64
		{35B159C8-978F-41B1-9D75-C9E30D19B0F9}.Debug|x64.Build.0 = Debug|x64
		{35B159C8-978F-41B1-9D75-C9E30D19B0F9}.Debug|x86.ActiveCfg = Debug|Win32
		{35B159C8-978F-41B1-9D75-C9E30D19B0F9}.Debug|x86.Build.0 = Debug|Win32
		{35B159C8-978F-41B1-9D75-C9E30D19B0F9}.Release|x64.ActiveCfg = Release|x64
		{35B159C8-978F-41B1-9D75-C9E30D19B0F9}.Release|x64.Build.0 = Release|x64
		{35B159C8-978F-41B1-9D75-C9E30D19B0F9}.Release|x86.ActiveCfg = Release|Win32
		{35B159C8-978F-41B1-9D75-C9E30D19B0F9}.Release|x86.Build.0 = Release|Win32
		{2587918B-1197-473E-823E-A908FDD27D96}.Debug|x64.ActiveCfg = Debug|x64
		{2587918B-1197-473E-823E-A908FDD27D96}.Debug|x64.Build.0 = Debug|x64
		{2587918B-1197-473E-823E-A908FDD27D96}.Debug|x86.ActiveCfg = Debug|Win32
		{2587918B-1197-473E-823E-A908FDD27D96}.Debug|x86.Build.0 = Debug|Win32
		{2587918B-1197-473E-823E-A908FDD27D96}.Release|x64.ActiveCfg = Release|x64
		{2587918B-1197-473E-823E-A908FDD27D96}.Release|x64.Build.0 = Release|x64
		{2587918B-1197-473E-823E-A908FDD27D96}.Release|x86.ActiveCfg = Release|Win32
		{2587918B-1197-473E-823E-A908FDD27D96}.Release|x86.Build.0 = Release|Win32
	EndGlobalSection
	GlobalSection(SolutionProperties) = preSolution
		HideSolutionNode = FALSE
	EndGlobalSection
EndGlobal
